
Microsoft Visual Studio Solution File, Format Version 11.00
# Visual Studio 2010
Project("{FAE04EC0-301F-11D3-BF4B-00C04F79EFBC}") = "Medical.Data", "Medical.Data\Medical.Data.csproj", "{169CF0C0-C72D-424A-9CC4-55D95E275755}"
EndProject
Project("{FAE04EC0-301F-11D3-BF4B-00C04F79EFBC}") = "Medical.Test", "Medical.Test\Medical.Test.csproj", "{4BE62B2C-8E0B-4085-80A2-CB589F68B73D}"
EndProject
Project("{FAE04EC0-301F-11D3-BF4B-00C04F79EFBC}") = "Medical.Data.Test", "Medical.Data.Test\Medical.Data.Test.csproj", "{886C6837-BB30-43D0-9F09-F86788B8F7CE}"
EndProject
Project("{2150E333-8FDC-42A3-9474-1A3956D46DE8}") = "Solution Items", "Solution Items", "{9D5886C6-FD30-47F7-99CF-16BE1DA97ECB}"
	ProjectSection(SolutionItems) = preProject
		Local.testsettings = Local.testsettings
		Medical.Data.vsmdi = Medical.Data.vsmdi
		TraceAndTestImpact.testsettings = TraceAndTestImpact.testsettings
	EndProjectSection
EndProject
Project("{FAE04EC0-301F-11D3-BF4B-00C04F79EFBC}") = "Medical.Forms", "Medical.Forms\Medical.Forms.csproj", "{CBD5E0BA-003F-4B7B-A11E-FC01CEA20C16}"
EndProject
Project("{FAE04EC0-301F-11D3-BF4B-00C04F79EFBC}") = "RunTest", "RunTest\RunTest.csproj", "{97EDD8FF-EE86-48FD-9146-3A391C7906DB}"
EndProject
Project("{FAE04EC0-301F-11D3-BF4B-00C04F79EFBC}") = "Medical", "Medical\Medical.csproj", "{997738FB-AE93-444C-9D9F-A89BCBF68192}"
EndProject
Project("{FAE04EC0-301F-11D3-BF4B-00C04F79EFBC}") = "Medical.Common", "Medical.Common\Medical.Common.csproj", "{221944A4-3B72-48C7-9328-D58AA0D05FF3}"
EndProject
Project("{54435603-DBB4-11D2-8724-00A0C9A8B90C}") = "QuanLyThuoc", "..\Setup\QuanLyThuoc\QuanLyThuoc.vdproj", "{4BB26A52-D053-4A31-97FC-B4F12BD49115}"
EndProject
Global
	GlobalSection(TestCaseManagementSettings) = postSolution
		CategoryFile = Medical.Data.vsmdi
	EndGlobalSection
	GlobalSection(SolutionConfigurationPlatforms) = preSolution
		CD_ROM|Any CPU = CD_ROM|Any CPU
		CD_ROM|Mixed Platforms = CD_ROM|Mixed Platforms
		CD_ROM|x86 = CD_ROM|x86
		Debug|Any CPU = Debug|Any CPU
		Debug|Mixed Platforms = Debug|Mixed Platforms
		Debug|x86 = Debug|x86
		DVD-5|Any CPU = DVD-5|Any CPU
		DVD-5|Mixed Platforms = DVD-5|Mixed Platforms
		DVD-5|x86 = DVD-5|x86
		Release|Any CPU = Release|Any CPU
		Release|Mixed Platforms = Release|Mixed Platforms
		Release|x86 = Release|x86
		SingleImage|Any CPU = SingleImage|Any CPU
		SingleImage|Mixed Platforms = SingleImage|Mixed Platforms
		SingleImage|x86 = SingleImage|x86
	EndGlobalSection
	GlobalSection(ProjectConfigurationPlatforms) = postSolution
		{169CF0C0-C72D-424A-9CC4-55D95E275755}.CD_ROM|Any CPU.ActiveCfg = Release|Any CPU
		{169CF0C0-C72D-424A-9CC4-55D95E275755}.CD_ROM|Any CPU.Build.0 = Release|Any CPU
		{169CF0C0-C72D-424A-9CC4-55D95E275755}.CD_ROM|Mixed Platforms.ActiveCfg = Release|Any CPU
		{169CF0C0-C72D-424A-9CC4-55D95E275755}.CD_ROM|Mixed Platforms.Build.0 = Release|Any CPU
		{169CF0C0-C72D-424A-9CC4-55D95E275755}.CD_ROM|x86.ActiveCfg = Release|Any CPU
		{169CF0C0-C72D-424A-9CC4-55D95E275755}.Debug|Any CPU.ActiveCfg = Debug|Any CPU
		{169CF0C0-C72D-424A-9CC4-55D95E275755}.Debug|Any CPU.Build.0 = Debug|Any CPU
		{169CF0C0-C72D-424A-9CC4-55D95E275755}.Debug|Mixed Platforms.ActiveCfg = Debug|Any CPU
		{169CF0C0-C72D-424A-9CC4-55D95E275755}.Debug|Mixed Platforms.Build.0 = Debug|Any CPU
		{169CF0C0-C72D-424A-9CC4-55D95E275755}.Debug|x86.ActiveCfg = Debug|Any CPU
		{169CF0C0-C72D-424A-9CC4-55D95E275755}.DVD-5|Any CPU.ActiveCfg = Debug|Any CPU
		{169CF0C0-C72D-424A-9CC4-55D95E275755}.DVD-5|Any CPU.Build.0 = Debug|Any CPU
		{169CF0C0-C72D-424A-9CC4-55D95E275755}.DVD-5|Mixed Platforms.ActiveCfg = Debug|Any CPU
		{169CF0C0-C72D-424A-9CC4-55D95E275755}.DVD-5|Mixed Platforms.Build.0 = Debug|Any CPU
		{169CF0C0-C72D-424A-9CC4-55D95E275755}.DVD-5|x86.ActiveCfg = Debug|Any CPU
		{169CF0C0-C72D-424A-9CC4-55D95E275755}.Release|Any CPU.ActiveCfg = Release|Any CPU
		{169CF0C0-C72D-424A-9CC4-55D95E275755}.Release|Any CPU.Build.0 = Release|Any CPU
		{169CF0C0-C72D-424A-9CC4-55D95E275755}.Release|Mixed Platforms.ActiveCfg = Release|Any CPU
		{169CF0C0-C72D-424A-9CC4-55D95E275755}.Release|Mixed Platforms.Build.0 = Release|Any CPU
		{169CF0C0-C72D-424A-9CC4-55D95E275755}.Release|x86.ActiveCfg = Release|Any CPU
		{169CF0C0-C72D-424A-9CC4-55D95E275755}.SingleImage|Any CPU.ActiveCfg = Release|Any CPU
		{169CF0C0-C72D-424A-9CC4-55D95E275755}.SingleImage|Any CPU.Build.0 = Release|Any CPU
		{169CF0C0-C72D-424A-9CC4-55D95E275755}.SingleImage|Mixed Platforms.ActiveCfg = Release|Any CPU
		{169CF0C0-C72D-424A-9CC4-55D95E275755}.SingleImage|Mixed Platforms.Build.0 = Release|Any CPU
		{169CF0C0-C72D-424A-9CC4-55D95E275755}.SingleImage|x86.ActiveCfg = Release|Any CPU
		{4BE62B2C-8E0B-4085-80A2-CB589F68B73D}.CD_ROM|Any CPU.ActiveCfg = Release|x86
		{4BE62B2C-8E0B-4085-80A2-CB589F68B73D}.CD_ROM|Mixed Platforms.ActiveCfg = Release|x86
		{4BE62B2C-8E0B-4085-80A2-CB589F68B73D}.CD_ROM|Mixed Platforms.Build.0 = Release|x86
		{4BE62B2C-8E0B-4085-80A2-CB589F68B73D}.CD_ROM|x86.ActiveCfg = Release|x86
		{4BE62B2C-8E0B-4085-80A2-CB589F68B73D}.CD_ROM|x86.Build.0 = Release|x86
		{4BE62B2C-8E0B-4085-80A2-CB589F68B73D}.Debug|Any CPU.ActiveCfg = Debug|x86
		{4BE62B2C-8E0B-4085-80A2-CB589F68B73D}.Debug|Mixed Platforms.ActiveCfg = Debug|x86
		{4BE62B2C-8E0B-4085-80A2-CB589F68B73D}.Debug|Mixed Platforms.Build.0 = Debug|x86
		{4BE62B2C-8E0B-4085-80A2-CB589F68B73D}.Debug|x86.ActiveCfg = Debug|x86
		{4BE62B2C-8E0B-4085-80A2-CB589F68B73D}.Debug|x86.Build.0 = Debug|x86
		{4BE62B2C-8E0B-4085-80A2-CB589F68B73D}.DVD-5|Any CPU.ActiveCfg = Debug|x86
		{4BE62B2C-8E0B-4085-80A2-CB589F68B73D}.DVD-5|Mixed Platforms.ActiveCfg = Debug|x86
		{4BE62B2C-8E0B-4085-80A2-CB589F68B73D}.DVD-5|Mixed Platforms.Build.0 = Debug|x86
		{4BE62B2C-8E0B-4085-80A2-CB589F68B73D}.DVD-5|x86.ActiveCfg = Debug|x86
		{4BE62B2C-8E0B-4085-80A2-CB589F68B73D}.DVD-5|x86.Build.0 = Debug|x86
		{4BE62B2C-8E0B-4085-80A2-CB589F68B73D}.Release|Any CPU.ActiveCfg = Release|x86
		{4BE62B2C-8E0B-4085-80A2-CB589F68B73D}.Release|Mixed Platforms.ActiveCfg = Release|x86
		{4BE62B2C-8E0B-4085-80A2-CB589F68B73D}.Release|Mixed Platforms.Build.0 = Release|x86
		{4BE62B2C-8E0B-4085-80A2-CB589F68B73D}.Release|x86.ActiveCfg = Release|x86
		{4BE62B2C-8E0B-4085-80A2-CB589F68B73D}.Release|x86.Build.0 = Release|x86
		{4BE62B2C-8E0B-4085-80A2-CB589F68B73D}.SingleImage|Any CPU.ActiveCfg = Release|x86
		{4BE62B2C-8E0B-4085-80A2-CB589F68B73D}.SingleImage|Mixed Platforms.ActiveCfg = Release|x86
		{4BE62B2C-8E0B-4085-80A2-CB589F68B73D}.SingleImage|Mixed Platforms.Build.0 = Release|x86
		{4BE62B2C-8E0B-4085-80A2-CB589F68B73D}.SingleImage|x86.ActiveCfg = Release|x86
		{4BE62B2C-8E0B-4085-80A2-CB589F68B73D}.SingleImage|x86.Build.0 = Release|x86
		{886C6837-BB30-43D0-9F09-F86788B8F7CE}.CD_ROM|Any CPU.ActiveCfg = Release|Any CPU
		{886C6837-BB30-43D0-9F09-F86788B8F7CE}.CD_ROM|Any CPU.Build.0 = Release|Any CPU
		{886C6837-BB30-43D0-9F09-F86788B8F7CE}.CD_ROM|Mixed Platforms.ActiveCfg = Release|Any CPU
		{886C6837-BB30-43D0-9F09-F86788B8F7CE}.CD_ROM|Mixed Platforms.Build.0 = Release|Any CPU
		{886C6837-BB30-43D0-9F09-F86788B8F7CE}.CD_ROM|x86.ActiveCfg = Release|Any CPU
		{886C6837-BB30-43D0-9F09-F86788B8F7CE}.Debug|Any CPU.ActiveCfg = Debug|Any CPU
		{886C6837-BB30-43D0-9F09-F86788B8F7CE}.Debug|Any CPU.Build.0 = Debug|Any CPU
		{886C6837-BB30-43D0-9F09-F86788B8F7CE}.Debug|Mixed Platforms.ActiveCfg = Debug|Any CPU
		{886C6837-BB30-43D0-9F09-F86788B8F7CE}.Debug|Mixed Platforms.Build.0 = Debug|Any CPU
		{886C6837-BB30-43D0-9F09-F86788B8F7CE}.Debug|x86.ActiveCfg = Debug|Any CPU
		{886C6837-BB30-43D0-9F09-F86788B8F7CE}.DVD-5|Any CPU.ActiveCfg = Debug|Any CPU
		{886C6837-BB30-43D0-9F09-F86788B8F7CE}.DVD-5|Any CPU.Build.0 = Debug|Any CPU
		{886C6837-BB30-43D0-9F09-F86788B8F7CE}.DVD-5|Mixed Platforms.ActiveCfg = Debug|Any CPU
		{886C6837-BB30-43D0-9F09-F86788B8F7CE}.DVD-5|Mixed Platforms.Build.0 = Debug|Any CPU
		{886C6837-BB30-43D0-9F09-F86788B8F7CE}.DVD-5|x86.ActiveCfg = Debug|Any CPU
		{886C6837-BB30-43D0-9F09-F86788B8F7CE}.Release|Any CPU.ActiveCfg = Release|Any CPU
		{886C6837-BB30-43D0-9F09-F86788B8F7CE}.Release|Any CPU.Build.0 = Release|Any CPU
		{886C6837-BB30-43D0-9F09-F86788B8F7CE}.Release|Mixed Platforms.ActiveCfg = Release|Any CPU
		{886C6837-BB30-43D0-9F09-F86788B8F7CE}.Release|Mixed Platforms.Build.0 = Release|Any CPU
		{886C6837-BB30-43D0-9F09-F86788B8F7CE}.Release|x86.ActiveCfg = Release|Any CPU
		{886C6837-BB30-43D0-9F09-F86788B8F7CE}.SingleImage|Any CPU.ActiveCfg = Release|Any CPU
		{886C6837-BB30-43D0-9F09-F86788B8F7CE}.SingleImage|Any CPU.Build.0 = Release|Any CPU
		{886C6837-BB30-43D0-9F09-F86788B8F7CE}.SingleImage|Mixed Platforms.ActiveCfg = Release|Any CPU
		{886C6837-BB30-43D0-9F09-F86788B8F7CE}.SingleImage|Mixed Platforms.Build.0 = Release|Any CPU
		{886C6837-BB30-43D0-9F09-F86788B8F7CE}.SingleImage|x86.ActiveCfg = Release|Any CPU
		{CBD5E0BA-003F-4B7B-A11E-FC01CEA20C16}.CD_ROM|Any CPU.ActiveCfg = Release|Any CPU
		{CBD5E0BA-003F-4B7B-A11E-FC01CEA20C16}.CD_ROM|Any CPU.Build.0 = Release|Any CPU
		{CBD5E0BA-003F-4B7B-A11E-FC01CEA20C16}.CD_ROM|Mixed Platforms.ActiveCfg = Release|Any CPU
		{CBD5E0BA-003F-4B7B-A11E-FC01CEA20C16}.CD_ROM|Mixed Platforms.Build.0 = Release|Any CPU
		{CBD5E0BA-003F-4B7B-A11E-FC01CEA20C16}.CD_ROM|x86.ActiveCfg = Release|Any CPU
		{CBD5E0BA-003F-4B7B-A11E-FC01CEA20C16}.Debug|Any CPU.ActiveCfg = Debug|Any CPU
		{CBD5E0BA-003F-4B7B-A11E-FC01CEA20C16}.Debug|Any CPU.Build.0 = Debug|Any CPU
		{CBD5E0BA-003F-4B7B-A11E-FC01CEA20C16}.Debug|Mixed Platforms.ActiveCfg = Debug|Any CPU
		{CBD5E0BA-003F-4B7B-A11E-FC01CEA20C16}.Debug|Mixed Platforms.Build.0 = Debug|Any CPU
		{CBD5E0BA-003F-4B7B-A11E-FC01CEA20C16}.Debug|x86.ActiveCfg = Debug|Any CPU
		{CBD5E0BA-003F-4B7B-A11E-FC01CEA20C16}.DVD-5|Any CPU.ActiveCfg = Debug|Any CPU
		{CBD5E0BA-003F-4B7B-A11E-FC01CEA20C16}.DVD-5|Any CPU.Build.0 = Debug|Any CPU
		{CBD5E0BA-003F-4B7B-A11E-FC01CEA20C16}.DVD-5|Mixed Platforms.ActiveCfg = Debug|Any CPU
		{CBD5E0BA-003F-4B7B-A11E-FC01CEA20C16}.DVD-5|Mixed Platforms.Build.0 = Debug|Any CPU
		{CBD5E0BA-003F-4B7B-A11E-FC01CEA20C16}.DVD-5|x86.ActiveCfg = Debug|Any CPU
		{CBD5E0BA-003F-4B7B-A11E-FC01CEA20C16}.Release|Any CPU.ActiveCfg = Release|Any CPU
		{CBD5E0BA-003F-4B7B-A11E-FC01CEA20C16}.Release|Any CPU.Build.0 = Release|Any CPU
		{CBD5E0BA-003F-4B7B-A11E-FC01CEA20C16}.Release|Mixed Platforms.ActiveCfg = Release|Any CPU
		{CBD5E0BA-003F-4B7B-A11E-FC01CEA20C16}.Release|Mixed Platforms.Build.0 = Release|Any CPU
		{CBD5E0BA-003F-4B7B-A11E-FC01CEA20C16}.Release|x86.ActiveCfg = Release|Any CPU
		{CBD5E0BA-003F-4B7B-A11E-FC01CEA20C16}.SingleImage|Any CPU.ActiveCfg = Release|Any CPU
		{CBD5E0BA-003F-4B7B-A11E-FC01CEA20C16}.SingleImage|Any CPU.Build.0 = Release|Any CPU
		{CBD5E0BA-003F-4B7B-A11E-FC01CEA20C16}.SingleImage|Mixed Platforms.ActiveCfg = Release|Any CPU
		{CBD5E0BA-003F-4B7B-A11E-FC01CEA20C16}.SingleImage|Mixed Platforms.Build.0 = Release|Any CPU
		{CBD5E0BA-003F-4B7B-A11E-FC01CEA20C16}.SingleImage|x86.ActiveCfg = Release|Any CPU
		{97EDD8FF-EE86-48FD-9146-3A391C7906DB}.CD_ROM|Any CPU.ActiveCfg = Release|x86
		{97EDD8FF-EE86-48FD-9146-3A391C7906DB}.CD_ROM|Mixed Platforms.ActiveCfg = Release|x86
		{97EDD8FF-EE86-48FD-9146-3A391C7906DB}.CD_ROM|Mixed Platforms.Build.0 = Release|x86
		{97EDD8FF-EE86-48FD-9146-3A391C7906DB}.CD_ROM|x86.ActiveCfg = Release|x86
		{97EDD8FF-EE86-48FD-9146-3A391C7906DB}.CD_ROM|x86.Build.0 = Release|x86
		{97EDD8FF-EE86-48FD-9146-3A391C7906DB}.Debug|Any CPU.ActiveCfg = Debug|x86
		{97EDD8FF-EE86-48FD-9146-3A391C7906DB}.Debug|Mixed Platforms.ActiveCfg = Debug|x86
		{97EDD8FF-EE86-48FD-9146-3A391C7906DB}.Debug|Mixed Platforms.Build.0 = Debug|x86
		{97EDD8FF-EE86-48FD-9146-3A391C7906DB}.Debug|x86.ActiveCfg = Debug|x86
		{97EDD8FF-EE86-48FD-9146-3A391C7906DB}.Debug|x86.Build.0 = Debug|x86
		{97EDD8FF-EE86-48FD-9146-3A391C7906DB}.DVD-5|Any CPU.ActiveCfg = Debug|x86
		{97EDD8FF-EE86-48FD-9146-3A391C7906DB}.DVD-5|Mixed Platforms.ActiveCfg = Debug|x86
		{97EDD8FF-EE86-48FD-9146-3A391C7906DB}.DVD-5|Mixed Platforms.Build.0 = Debug|x86
		{97EDD8FF-EE86-48FD-9146-3A391C7906DB}.DVD-5|x86.ActiveCfg = Debug|x86
		{97EDD8FF-EE86-48FD-9146-3A391C7906DB}.DVD-5|x86.Build.0 = Debug|x86
		{97EDD8FF-EE86-48FD-9146-3A391C7906DB}.Release|Any CPU.ActiveCfg = Release|x86
		{97EDD8FF-EE86-48FD-9146-3A391C7906DB}.Release|Mixed Platforms.ActiveCfg = Release|x86
		{97EDD8FF-EE86-48FD-9146-3A391C7906DB}.Release|Mixed Platforms.Build.0 = Release|x86
		{97EDD8FF-EE86-48FD-9146-3A391C7906DB}.Release|x86.ActiveCfg = Release|x86
		{97EDD8FF-EE86-48FD-9146-3A391C7906DB}.Release|x86.Build.0 = Release|x86
		{97EDD8FF-EE86-48FD-9146-3A391C7906DB}.SingleImage|Any CPU.ActiveCfg = Release|x86
		{97EDD8FF-EE86-48FD-9146-3A391C7906DB}.SingleImage|Mixed Platforms.ActiveCfg = Release|x86
		{97EDD8FF-EE86-48FD-9146-3A391C7906DB}.SingleImage|Mixed Platforms.Build.0 = Release|x86
		{97EDD8FF-EE86-48FD-9146-3A391C7906DB}.SingleImage|x86.ActiveCfg = Release|x86
		{97EDD8FF-EE86-48FD-9146-3A391C7906DB}.SingleImage|x86.Build.0 = Release|x86
		{997738FB-AE93-444C-9D9F-A89BCBF68192}.CD_ROM|Any CPU.ActiveCfg = Release|x86
		{997738FB-AE93-444C-9D9F-A89BCBF68192}.CD_ROM|Mixed Platforms.ActiveCfg = Release|x86
		{997738FB-AE93-444C-9D9F-A89BCBF68192}.CD_ROM|Mixed Platforms.Build.0 = Release|x86
		{997738FB-AE93-444C-9D9F-A89BCBF68192}.CD_ROM|x86.ActiveCfg = Release|x86
		{997738FB-AE93-444C-9D9F-A89BCBF68192}.CD_ROM|x86.Build.0 = Release|x86
		{997738FB-AE93-444C-9D9F-A89BCBF68192}.Debug|Any CPU.ActiveCfg = Debug|x86
		{997738FB-AE93-444C-9D9F-A89BCBF68192}.Debug|Mixed Platforms.ActiveCfg = Debug|x86
		{997738FB-AE93-444C-9D9F-A89BCBF68192}.Debug|Mixed Platforms.Build.0 = Debug|x86
		{997738FB-AE93-444C-9D9F-A89BCBF68192}.Debug|x86.ActiveCfg = Debug|x86
		{997738FB-AE93-444C-9D9F-A89BCBF68192}.Debug|x86.Build.0 = Debug|x86
		{997738FB-AE93-444C-9D9F-A89BCBF68192}.DVD-5|Any CPU.ActiveCfg = Debug|x86
		{997738FB-AE93-444C-9D9F-A89BCBF68192}.DVD-5|Mixed Platforms.ActiveCfg = Debug|x86
		{997738FB-AE93-444C-9D9F-A89BCBF68192}.DVD-5|Mixed Platforms.Build.0 = Debug|x86
		{997738FB-AE93-444C-9D9F-A89BCBF68192}.DVD-5|x86.ActiveCfg = Debug|x86
		{997738FB-AE93-444C-9D9F-A89BCBF68192}.DVD-5|x86.Build.0 = Debug|x86
		{997738FB-AE93-444C-9D9F-A89BCBF68192}.Release|Any CPU.ActiveCfg = Release|x86
		{997738FB-AE93-444C-9D9F-A89BCBF68192}.Release|Mixed Platforms.ActiveCfg = Release|x86
		{997738FB-AE93-444C-9D9F-A89BCBF68192}.Release|Mixed Platforms.Build.0 = Release|x86
		{997738FB-AE93-444C-9D9F-A89BCBF68192}.Release|x86.ActiveCfg = Release|x86
		{997738FB-AE93-444C-9D9F-A89BCBF68192}.Release|x86.Build.0 = Release|x86
		{997738FB-AE93-444C-9D9F-A89BCBF68192}.SingleImage|Any CPU.ActiveCfg = Release|x86
		{997738FB-AE93-444C-9D9F-A89BCBF68192}.SingleImage|Mixed Platforms.ActiveCfg = Release|x86
		{997738FB-AE93-444C-9D9F-A89BCBF68192}.SingleImage|Mixed Platforms.Build.0 = Release|x86
		{997738FB-AE93-444C-9D9F-A89BCBF68192}.SingleImage|x86.ActiveCfg = Release|x86
		{997738FB-AE93-444C-9D9F-A89BCBF68192}.SingleImage|x86.Build.0 = Release|x86
		{221944A4-3B72-48C7-9328-D58AA0D05FF3}.CD_ROM|Any CPU.ActiveCfg = Release|Any CPU
		{221944A4-3B72-48C7-9328-D58AA0D05FF3}.CD_ROM|Any CPU.Build.0 = Release|Any CPU
		{221944A4-3B72-48C7-9328-D58AA0D05FF3}.CD_ROM|Mixed Platforms.ActiveCfg = Release|Any CPU
		{221944A4-3B72-48C7-9328-D58AA0D05FF3}.CD_ROM|Mixed Platforms.Build.0 = Release|Any CPU
		{221944A4-3B72-48C7-9328-D58AA0D05FF3}.CD_ROM|x86.ActiveCfg = Release|Any CPU
		{221944A4-3B72-48C7-9328-D58AA0D05FF3}.Debug|Any CPU.ActiveCfg = Debug|Any CPU
		{221944A4-3B72-48C7-9328-D58AA0D05FF3}.Debug|Any CPU.Build.0 = Debug|Any CPU
		{221944A4-3B72-48C7-9328-D58AA0D05FF3}.Debug|Mixed Platforms.ActiveCfg = Debug|Any CPU
		{221944A4-3B72-48C7-9328-D58AA0D05FF3}.Debug|Mixed Platforms.Build.0 = Debug|Any CPU
		{221944A4-3B72-48C7-9328-D58AA0D05FF3}.Debug|x86.ActiveCfg = Debug|Any CPU
		{221944A4-3B72-48C7-9328-D58AA0D05FF3}.DVD-5|Any CPU.ActiveCfg = Debug|Any CPU
		{221944A4-3B72-48C7-9328-D58AA0D05FF3}.DVD-5|Any CPU.Build.0 = Debug|Any CPU
		{221944A4-3B72-48C7-9328-D58AA0D05FF3}.DVD-5|Mixed Platforms.ActiveCfg = Debug|Any CPU
		{221944A4-3B72-48C7-9328-D58AA0D05FF3}.DVD-5|Mixed Platforms.Build.0 = Debug|Any CPU
		{221944A4-3B72-48C7-9328-D58AA0D05FF3}.DVD-5|x86.ActiveCfg = Debug|Any CPU
		{221944A4-3B72-48C7-9328-D58AA0D05FF3}.Release|Any CPU.ActiveCfg = Release|Any CPU
		{221944A4-3B72-48C7-9328-D58AA0D05FF3}.Release|Any CPU.Build.0 = Release|Any CPU
		{221944A4-3B72-48C7-9328-D58AA0D05FF3}.Release|Mixed Platforms.ActiveCfg = Release|Any CPU
		{221944A4-3B72-48C7-9328-D58AA0D05FF3}.Release|Mixed Platforms.Build.0 = Release|Any CPU
		{221944A4-3B72-48C7-9328-D58AA0D05FF3}.Release|x86.ActiveCfg = Release|Any CPU
		{221944A4-3B72-48C7-9328-D58AA0D05FF3}.SingleImage|Any CPU.ActiveCfg = Release|Any CPU
		{221944A4-3B72-48C7-9328-D58AA0D05FF3}.SingleImage|Any CPU.Build.0 = Release|Any CPU
		{221944A4-3B72-48C7-9328-D58AA0D05FF3}.SingleImage|Mixed Platforms.ActiveCfg = Release|Any CPU
		{221944A4-3B72-48C7-9328-D58AA0D05FF3}.SingleImage|Mixed Platforms.Build.0 = Release|Any CPU
		{221944A4-3B72-48C7-9328-D58AA0D05FF3}.SingleImage|x86.ActiveCfg = Release|Any CPU
		{4BB26A52-D053-4A31-97FC-B4F12BD49115}.CD_ROM|Any CPU.ActiveCfg = Release
		{4BB26A52-D053-4A31-97FC-B4F12BD49115}.CD_ROM|Mixed Platforms.ActiveCfg = Release
		{4BB26A52-D053-4A31-97FC-B4F12BD49115}.CD_ROM|x86.ActiveCfg = Release
		{4BB26A52-D053-4A31-97FC-B4F12BD49115}.Debug|Any CPU.ActiveCfg = Debug
		{4BB26A52-D053-4A31-97FC-B4F12BD49115}.Debug|Mixed Platforms.ActiveCfg = Debug
		{4BB26A52-D053-4A31-97FC-B4F12BD49115}.Debug|x86.ActiveCfg = Debug
		{4BB26A52-D053-4A31-97FC-B4F12BD49115}.DVD-5|Any CPU.ActiveCfg = Debug
		{4BB26A52-D053-4A31-97FC-B4F12BD49115}.DVD-5|Mixed Platforms.ActiveCfg = Debug
		{4BB26A52-D053-4A31-97FC-B4F12BD49115}.DVD-5|x86.ActiveCfg = Debug
		{4BB26A52-D053-4A31-97FC-B4F12BD49115}.Release|Any CPU.ActiveCfg = Release
		{4BB26A52-D053-4A31-97FC-B4F12BD49115}.Release|Mixed Platforms.ActiveCfg = Release
		{4BB26A52-D053-4A31-97FC-B4F12BD49115}.Release|x86.ActiveCfg = Release
		{4BB26A52-D053-4A31-97FC-B4F12BD49115}.SingleImage|Any CPU.ActiveCfg = Release
		{4BB26A52-D053-4A31-97FC-B4F12BD49115}.SingleImage|Mixed Platforms.ActiveCfg = Release
		{4BB26A52-D053-4A31-97FC-B4F12BD49115}.SingleImage|x86.ActiveCfg = Release
	EndGlobalSection
	GlobalSection(SolutionProperties) = preSolution
		HideSolutionNode = FALSE
	EndGlobalSection
EndGlobal
