
Microsoft Visual Studio Solution File, Format Version 11.00
# Visual Studio 2010
Project("{FAE04EC0-301F-11D3-BF4B-00C04F79EFBC}") = "Medical", "Medical\Medical.csproj", "{997738FB-AE93-444C-9D9F-A89BCBF68192}"
EndProject
Project("{FAE04EC0-301F-11D3-BF4B-00C04F79EFBC}") = "Medical.Common", "Medical.Common\Medical.Common.csproj", "{221944A4-3B72-48C7-9328-D58AA0D05FF3}"
EndProject
Project("{FAE04EC0-301F-11D3-BF4B-00C04F79EFBC}") = "Medical.Data", "Medical.Data\Medical.Data.csproj", "{169CF0C0-C72D-424A-9CC4-55D95E275755}"
EndProject
Project("{FAE04EC0-301F-11D3-BF4B-00C04F79EFBC}") = "Medical.Data.Test", "Medical.Data.Test\Medical.Data.Test.csproj", "{886C6837-BB30-43D0-9F09-F86788B8F7CE}"
EndProject
Project("{FAE04EC0-301F-11D3-BF4B-00C04F79EFBC}") = "Medical.Forms", "Medical.Forms\Medical.Forms.csproj", "{CBD5E0BA-003F-4B7B-A11E-FC01CEA20C16}"
EndProject
Project("{FAE04EC0-301F-11D3-BF4B-00C04F79EFBC}") = "Run", "Run\Run.csproj", "{97EDD8FF-EE86-48FD-9146-3A391C7906DB}"
EndProject
Project("{FAE04EC0-301F-11D3-BF4B-00C04F79EFBC}") = "Medical.Synchronization", "Medical.Synchronization\Medical.Synchronization.csproj", "{9F526D34-5736-4BA5-889B-9E371A45FA27}"
EndProject
Project("{54435603-DBB4-11D2-8724-00A0C9A8B90C}") = "Medical.Setup", "Medical.Setup\Medical.Setup.vdproj", "{3E11974D-C10E-4F67-9AE1-2E83E466F186}"
EndProject
Project("{FAE04EC0-301F-11D3-BF4B-00C04F79EFBC}") = "DBCustomAction", "DBCustomAction\DBCustomAction.csproj", "{BF04526C-E7D9-45EF-9D15-8732EB468708}"
EndProject
Project("{FAE04EC0-301F-11D3-BF4B-00C04F79EFBC}") = "Medical.Sync", "Medical.Sync\Medical.Sync.csproj", "{110E7C44-20FA-479C-91E9-C673355BA788}"
EndProject
Project("{FAE04EC0-301F-11D3-BF4B-00C04F79EFBC}") = "Medical.Server.Sync", "Medical.Server.Sync\Medical.Server.Sync.csproj", "{C5D52304-3037-475F-8330-7E6173C50D93}"
EndProject
Project("{FAE04EC0-301F-11D3-BF4B-00C04F79EFBC}") = "Server", "Server\Server.csproj", "{34A763BF-7CFB-45EE-8852-9EF27048F149}"
EndProject
Project("{54435603-DBB4-11D2-8724-00A0C9A8B90C}") = "Medical.Setup.Client", "Medical.Setup.Client\Medical.Setup.Client.vdproj", "{2B3B52E6-7AAC-4CCE-BA66-247107D453D3}"
EndProject
Global
	GlobalSection(SolutionConfigurationPlatforms) = preSolution
		Debug|Any CPU = Debug|Any CPU
		Debug|Mixed Platforms = Debug|Mixed Platforms
		Debug|x86 = Debug|x86
		Release|Any CPU = Release|Any CPU
		Release|Mixed Platforms = Release|Mixed Platforms
		Release|x86 = Release|x86
	EndGlobalSection
	GlobalSection(ProjectConfigurationPlatforms) = postSolution
		{997738FB-AE93-444C-9D9F-A89BCBF68192}.Debug|Any CPU.ActiveCfg = Debug|x86
		{997738FB-AE93-444C-9D9F-A89BCBF68192}.Debug|Mixed Platforms.ActiveCfg = Debug|x86
		{997738FB-AE93-444C-9D9F-A89BCBF68192}.Debug|Mixed Platforms.Build.0 = Debug|x86
		{997738FB-AE93-444C-9D9F-A89BCBF68192}.Debug|x86.ActiveCfg = Debug|x86
		{997738FB-AE93-444C-9D9F-A89BCBF68192}.Debug|x86.Build.0 = Debug|x86
		{997738FB-AE93-444C-9D9F-A89BCBF68192}.Release|Any CPU.ActiveCfg = Release|x86
		{997738FB-AE93-444C-9D9F-A89BCBF68192}.Release|Mixed Platforms.ActiveCfg = Release|x86
		{997738FB-AE93-444C-9D9F-A89BCBF68192}.Release|Mixed Platforms.Build.0 = Release|x86
		{997738FB-AE93-444C-9D9F-A89BCBF68192}.Release|x86.ActiveCfg = Release|x86
		{997738FB-AE93-444C-9D9F-A89BCBF68192}.Release|x86.Build.0 = Release|x86
		{221944A4-3B72-48C7-9328-D58AA0D05FF3}.Debug|Any CPU.ActiveCfg = Debug|Any CPU
		{221944A4-3B72-48C7-9328-D58AA0D05FF3}.Debug|Any CPU.Build.0 = Debug|Any CPU
		{221944A4-3B72-48C7-9328-D58AA0D05FF3}.Debug|Mixed Platforms.ActiveCfg = Debug|Any CPU
		{221944A4-3B72-48C7-9328-D58AA0D05FF3}.Debug|Mixed Platforms.Build.0 = Debug|Any CPU
		{221944A4-3B72-48C7-9328-D58AA0D05FF3}.Debug|x86.ActiveCfg = Debug|Any CPU
		{221944A4-3B72-48C7-9328-D58AA0D05FF3}.Release|Any CPU.ActiveCfg = Release|Any CPU
		{221944A4-3B72-48C7-9328-D58AA0D05FF3}.Release|Any CPU.Build.0 = Release|Any CPU
		{221944A4-3B72-48C7-9328-D58AA0D05FF3}.Release|Mixed Platforms.ActiveCfg = Release|Any CPU
		{221944A4-3B72-48C7-9328-D58AA0D05FF3}.Release|Mixed Platforms.Build.0 = Release|Any CPU
		{221944A4-3B72-48C7-9328-D58AA0D05FF3}.Release|x86.ActiveCfg = Release|Any CPU
		{169CF0C0-C72D-424A-9CC4-55D95E275755}.Debug|Any CPU.ActiveCfg = Debug|Any CPU
		{169CF0C0-C72D-424A-9CC4-55D95E275755}.Debug|Any CPU.Build.0 = Debug|Any CPU
		{169CF0C0-C72D-424A-9CC4-55D95E275755}.Debug|Mixed Platforms.ActiveCfg = Debug|Any CPU
		{169CF0C0-C72D-424A-9CC4-55D95E275755}.Debug|Mixed Platforms.Build.0 = Debug|Any CPU
		{169CF0C0-C72D-424A-9CC4-55D95E275755}.Debug|x86.ActiveCfg = Debug|Any CPU
		{169CF0C0-C72D-424A-9CC4-55D95E275755}.Release|Any CPU.ActiveCfg = Release|Any CPU
		{169CF0C0-C72D-424A-9CC4-55D95E275755}.Release|Any CPU.Build.0 = Release|Any CPU
		{169CF0C0-C72D-424A-9CC4-55D95E275755}.Release|Mixed Platforms.ActiveCfg = Release|Any CPU
		{169CF0C0-C72D-424A-9CC4-55D95E275755}.Release|Mixed Platforms.Build.0 = Release|Any CPU
		{169CF0C0-C72D-424A-9CC4-55D95E275755}.Release|x86.ActiveCfg = Release|Any CPU
		{886C6837-BB30-43D0-9F09-F86788B8F7CE}.Debug|Any CPU.ActiveCfg = Debug|Any CPU
		{886C6837-BB30-43D0-9F09-F86788B8F7CE}.Debug|Any CPU.Build.0 = Debug|Any CPU
		{886C6837-BB30-43D0-9F09-F86788B8F7CE}.Debug|Mixed Platforms.ActiveCfg = Debug|Any CPU
		{886C6837-BB30-43D0-9F09-F86788B8F7CE}.Debug|Mixed Platforms.Build.0 = Debug|Any CPU
		{886C6837-BB30-43D0-9F09-F86788B8F7CE}.Debug|x86.ActiveCfg = Debug|Any CPU
		{886C6837-BB30-43D0-9F09-F86788B8F7CE}.Release|Any CPU.ActiveCfg = Release|Any CPU
		{886C6837-BB30-43D0-9F09-F86788B8F7CE}.Release|Any CPU.Build.0 = Release|Any CPU
		{886C6837-BB30-43D0-9F09-F86788B8F7CE}.Release|Mixed Platforms.ActiveCfg = Release|Any CPU
		{886C6837-BB30-43D0-9F09-F86788B8F7CE}.Release|Mixed Platforms.Build.0 = Release|Any CPU
		{886C6837-BB30-43D0-9F09-F86788B8F7CE}.Release|x86.ActiveCfg = Release|Any CPU
		{CBD5E0BA-003F-4B7B-A11E-FC01CEA20C16}.Debug|Any CPU.ActiveCfg = Debug|Any CPU
		{CBD5E0BA-003F-4B7B-A11E-FC01CEA20C16}.Debug|Any CPU.Build.0 = Debug|Any CPU
		{CBD5E0BA-003F-4B7B-A11E-FC01CEA20C16}.Debug|Mixed Platforms.ActiveCfg = Debug|Any CPU
		{CBD5E0BA-003F-4B7B-A11E-FC01CEA20C16}.Debug|Mixed Platforms.Build.0 = Debug|Any CPU
		{CBD5E0BA-003F-4B7B-A11E-FC01CEA20C16}.Debug|x86.ActiveCfg = Debug|Any CPU
		{CBD5E0BA-003F-4B7B-A11E-FC01CEA20C16}.Release|Any CPU.ActiveCfg = Release|Any CPU
		{CBD5E0BA-003F-4B7B-A11E-FC01CEA20C16}.Release|Any CPU.Build.0 = Release|Any CPU
		{CBD5E0BA-003F-4B7B-A11E-FC01CEA20C16}.Release|Mixed Platforms.ActiveCfg = Release|Any CPU
		{CBD5E0BA-003F-4B7B-A11E-FC01CEA20C16}.Release|Mixed Platforms.Build.0 = Release|Any CPU
		{CBD5E0BA-003F-4B7B-A11E-FC01CEA20C16}.Release|x86.ActiveCfg = Release|Any CPU
		{97EDD8FF-EE86-48FD-9146-3A391C7906DB}.Debug|Any CPU.ActiveCfg = Debug|x86
		{97EDD8FF-EE86-48FD-9146-3A391C7906DB}.Debug|Mixed Platforms.ActiveCfg = Debug|x86
		{97EDD8FF-EE86-48FD-9146-3A391C7906DB}.Debug|Mixed Platforms.Build.0 = Debug|x86
		{97EDD8FF-EE86-48FD-9146-3A391C7906DB}.Debug|x86.ActiveCfg = Debug|x86
		{97EDD8FF-EE86-48FD-9146-3A391C7906DB}.Debug|x86.Build.0 = Debug|x86
		{97EDD8FF-EE86-48FD-9146-3A391C7906DB}.Release|Any CPU.ActiveCfg = Release|x86
		{97EDD8FF-EE86-48FD-9146-3A391C7906DB}.Release|Mixed Platforms.ActiveCfg = Release|x86
		{97EDD8FF-EE86-48FD-9146-3A391C7906DB}.Release|Mixed Platforms.Build.0 = Release|x86
		{97EDD8FF-EE86-48FD-9146-3A391C7906DB}.Release|x86.ActiveCfg = Release|x86
		{97EDD8FF-EE86-48FD-9146-3A391C7906DB}.Release|x86.Build.0 = Release|x86
		{9F526D34-5736-4BA5-889B-9E371A45FA27}.Debug|Any CPU.ActiveCfg = Debug|Any CPU
		{9F526D34-5736-4BA5-889B-9E371A45FA27}.Debug|Any CPU.Build.0 = Debug|Any CPU
		{9F526D34-5736-4BA5-889B-9E371A45FA27}.Debug|Mixed Platforms.ActiveCfg = Debug|Any CPU
		{9F526D34-5736-4BA5-889B-9E371A45FA27}.Debug|Mixed Platforms.Build.0 = Debug|Any CPU
		{9F526D34-5736-4BA5-889B-9E371A45FA27}.Debug|x86.ActiveCfg = Debug|Any CPU
		{9F526D34-5736-4BA5-889B-9E371A45FA27}.Release|Any CPU.ActiveCfg = Release|Any CPU
		{9F526D34-5736-4BA5-889B-9E371A45FA27}.Release|Any CPU.Build.0 = Release|Any CPU
		{9F526D34-5736-4BA5-889B-9E371A45FA27}.Release|Mixed Platforms.ActiveCfg = Release|Any CPU
		{9F526D34-5736-4BA5-889B-9E371A45FA27}.Release|Mixed Platforms.Build.0 = Release|Any CPU
		{9F526D34-5736-4BA5-889B-9E371A45FA27}.Release|x86.ActiveCfg = Release|Any CPU
		{3E11974D-C10E-4F67-9AE1-2E83E466F186}.Debug|Any CPU.ActiveCfg = Debug
		{3E11974D-C10E-4F67-9AE1-2E83E466F186}.Debug|Mixed Platforms.ActiveCfg = Debug
		{3E11974D-C10E-4F67-9AE1-2E83E466F186}.Debug|x86.ActiveCfg = Debug
		{3E11974D-C10E-4F67-9AE1-2E83E466F186}.Release|Any CPU.ActiveCfg = Release
		{3E11974D-C10E-4F67-9AE1-2E83E466F186}.Release|Mixed Platforms.ActiveCfg = Release
		{3E11974D-C10E-4F67-9AE1-2E83E466F186}.Release|x86.ActiveCfg = Release
		{BF04526C-E7D9-45EF-9D15-8732EB468708}.Debug|Any CPU.ActiveCfg = Debug|Any CPU
		{BF04526C-E7D9-45EF-9D15-8732EB468708}.Debug|Any CPU.Build.0 = Debug|Any CPU
		{BF04526C-E7D9-45EF-9D15-8732EB468708}.Debug|Mixed Platforms.ActiveCfg = Debug|Any CPU
		{BF04526C-E7D9-45EF-9D15-8732EB468708}.Debug|Mixed Platforms.Build.0 = Debug|Any CPU
		{BF04526C-E7D9-45EF-9D15-8732EB468708}.Debug|x86.ActiveCfg = Debug|Any CPU
		{BF04526C-E7D9-45EF-9D15-8732EB468708}.Release|Any CPU.ActiveCfg = Release|Any CPU
		{BF04526C-E7D9-45EF-9D15-8732EB468708}.Release|Any CPU.Build.0 = Release|Any CPU
		{BF04526C-E7D9-45EF-9D15-8732EB468708}.Release|Mixed Platforms.ActiveCfg = Release|Any CPU
		{BF04526C-E7D9-45EF-9D15-8732EB468708}.Release|Mixed Platforms.Build.0 = Release|Any CPU
		{BF04526C-E7D9-45EF-9D15-8732EB468708}.Release|x86.ActiveCfg = Release|Any CPU
		{110E7C44-20FA-479C-91E9-C673355BA788}.Debug|Any CPU.ActiveCfg = Debug|Any CPU
		{110E7C44-20FA-479C-91E9-C673355BA788}.Debug|Any CPU.Build.0 = Debug|Any CPU
		{110E7C44-20FA-479C-91E9-C673355BA788}.Debug|Mixed Platforms.ActiveCfg = Debug|Any CPU
		{110E7C44-20FA-479C-91E9-C673355BA788}.Debug|Mixed Platforms.Build.0 = Debug|Any CPU
		{110E7C44-20FA-479C-91E9-C673355BA788}.Debug|x86.ActiveCfg = Debug|Any CPU
		{110E7C44-20FA-479C-91E9-C673355BA788}.Release|Any CPU.ActiveCfg = Release|Any CPU
		{110E7C44-20FA-479C-91E9-C673355BA788}.Release|Any CPU.Build.0 = Release|Any CPU
		{110E7C44-20FA-479C-91E9-C673355BA788}.Release|Mixed Platforms.ActiveCfg = Release|Any CPU
		{110E7C44-20FA-479C-91E9-C673355BA788}.Release|Mixed Platforms.Build.0 = Release|Any CPU
		{110E7C44-20FA-479C-91E9-C673355BA788}.Release|x86.ActiveCfg = Release|Any CPU
		{C5D52304-3037-475F-8330-7E6173C50D93}.Debug|Any CPU.ActiveCfg = Debug|Any CPU
		{C5D52304-3037-475F-8330-7E6173C50D93}.Debug|Any CPU.Build.0 = Debug|Any CPU
		{C5D52304-3037-475F-8330-7E6173C50D93}.Debug|Mixed Platforms.ActiveCfg = Debug|Any CPU
		{C5D52304-3037-475F-8330-7E6173C50D93}.Debug|Mixed Platforms.Build.0 = Debug|Any CPU
		{C5D52304-3037-475F-8330-7E6173C50D93}.Debug|x86.ActiveCfg = Debug|Any CPU
		{C5D52304-3037-475F-8330-7E6173C50D93}.Release|Any CPU.ActiveCfg = Release|Any CPU
		{C5D52304-3037-475F-8330-7E6173C50D93}.Release|Any CPU.Build.0 = Release|Any CPU
		{C5D52304-3037-475F-8330-7E6173C50D93}.Release|Mixed Platforms.ActiveCfg = Release|Any CPU
		{C5D52304-3037-475F-8330-7E6173C50D93}.Release|Mixed Platforms.Build.0 = Release|Any CPU
		{C5D52304-3037-475F-8330-7E6173C50D93}.Release|x86.ActiveCfg = Release|Any CPU
		{34A763BF-7CFB-45EE-8852-9EF27048F149}.Debug|Any CPU.ActiveCfg = Debug|Any CPU
		{34A763BF-7CFB-45EE-8852-9EF27048F149}.Debug|Any CPU.Build.0 = Debug|Any CPU
		{34A763BF-7CFB-45EE-8852-9EF27048F149}.Debug|Mixed Platforms.ActiveCfg = Debug|Any CPU
		{34A763BF-7CFB-45EE-8852-9EF27048F149}.Debug|Mixed Platforms.Build.0 = Debug|Any CPU
		{34A763BF-7CFB-45EE-8852-9EF27048F149}.Debug|x86.ActiveCfg = Debug|Any CPU
		{34A763BF-7CFB-45EE-8852-9EF27048F149}.Release|Any CPU.ActiveCfg = Release|Any CPU
		{34A763BF-7CFB-45EE-8852-9EF27048F149}.Release|Any CPU.Build.0 = Release|Any CPU
		{34A763BF-7CFB-45EE-8852-9EF27048F149}.Release|Mixed Platforms.ActiveCfg = Release|Any CPU
		{34A763BF-7CFB-45EE-8852-9EF27048F149}.Release|Mixed Platforms.Build.0 = Release|Any CPU
		{34A763BF-7CFB-45EE-8852-9EF27048F149}.Release|x86.ActiveCfg = Release|Any CPU
		{2B3B52E6-7AAC-4CCE-BA66-247107D453D3}.Debug|Any CPU.ActiveCfg = Debug
		{2B3B52E6-7AAC-4CCE-BA66-247107D453D3}.Debug|Any CPU.Build.0 = Debug
		{2B3B52E6-7AAC-4CCE-BA66-247107D453D3}.Debug|Mixed Platforms.ActiveCfg = Debug
		{2B3B52E6-7AAC-4CCE-BA66-247107D453D3}.Debug|Mixed Platforms.Build.0 = Debug
		{2B3B52E6-7AAC-4CCE-BA66-247107D453D3}.Debug|x86.ActiveCfg = Debug
		{2B3B52E6-7AAC-4CCE-BA66-247107D453D3}.Debug|x86.Build.0 = Debug
		{2B3B52E6-7AAC-4CCE-BA66-247107D453D3}.Release|Any CPU.ActiveCfg = Release
		{2B3B52E6-7AAC-4CCE-BA66-247107D453D3}.Release|Any CPU.Build.0 = Release
		{2B3B52E6-7AAC-4CCE-BA66-247107D453D3}.Release|Mixed Platforms.ActiveCfg = Release
		{2B3B52E6-7AAC-4CCE-BA66-247107D453D3}.Release|Mixed Platforms.Build.0 = Release
		{2B3B52E6-7AAC-4CCE-BA66-247107D453D3}.Release|x86.ActiveCfg = Release
		{2B3B52E6-7AAC-4CCE-BA66-247107D453D3}.Release|x86.Build.0 = Release
	EndGlobalSection
	GlobalSection(SolutionProperties) = preSolution
		HideSolutionNode = FALSE
	EndGlobalSection
EndGlobal
